{
  "name": "downloader",
  "version": "1.0.0",
  "lockfileVersion": 3,
  "requires": true,
  "packages": {
    "": {
      "name": "downloader",
      "version": "1.0.0",
      "license": "ISC",
      "devDependencies": {
        "@types/node": "^20.12.7",
        "typescript": "^5.4.5"
      }
    },
    "node_modules/@types/node": {
      "version": "20.12.7",
      "resolved": "https://pkgs.dev.azure.com/BT-Energy-Services/fe65b95a-5a85-484b-b0cd-f6fac4b37eb2/_packaging/QBRX-Frontend/npm/registry/@types/node/-/node-20.12.7.tgz",
      "integrity": "sha1-BAgDYvo91sWCIGGqMST1wVLP84Q=",
      "dev": true,
      "dependencies": {
        "undici-types": "~5.26.4"
      }
    },
    "node_modules/typescript": {
      "version": "5.4.5",
      "resolved": "https://pkgs.dev.azure.com/BT-Energy-Services/fe65b95a-5a85-484b-b0cd-f6fac4b37eb2/_packaging/QBRX-Frontend/npm/registry/typescript/-/typescript-5.4.5.tgz",
      "integrity": "sha1-QszvLFcf29D2cYsdH15uXvAG9hE=",
      "dev": true,
      "bin": {
        "tsc": "bin/tsc",
        "tsserver": "bin/tsserver"
      },
      "engines": {
        "node": ">=14.17"
      }
    },
    "node_modules/undici-types": {
      "version": "5.26.5",
      "resolved": "https://pkgs.dev.azure.com/BT-Energy-Services/fe65b95a-5a85-484b-b0cd-f6fac4b37eb2/_packaging/QBRX-Frontend/npm/registry/undici-types/-/undici-types-5.26.5.tgz",
      "integrity": "sha1-vNU5iT0AtW6WT9JlekhmsiGmVhc=",
      "dev": true
    }
  }
}
